{
  "name": "@rxweb/reactive-dynamic-forms",
  "version": "0.0.0-0",
  "lockfileVersion": 1,
  "requires": true,
  "dependencies": {
    "@rxweb/reactive-form-validators": {
      "version": "1.9.2",
      "resolved": "https://registry.npmjs.org/@rxweb/reactive-form-validators/-/reactive-form-validators-1.9.2.tgz",
      "integrity": "sha512-8yKNMF5RO8UaF+vpFsdy7snRHgeEzFhaWUrO8Bk+ejMv/8jVX9pgTMh2Rr7o0yySSR1loAnU0rHHUbHetvuc+g==",
      "dev": true
    }
  }
}
