
Microsoft Visual Studio Solution File, Format Version 12.00
# Visual Studio Version 16
VisualStudioVersion = 16.0.29319.158
MinimumVisualStudioVersion = 10.0.40219.1
Project("{9A19103F-16F7-4668-BE54-9A1E7A4F7556}") = "clean.architecture.aspnetcore", "clean.architecture.aspnetcore.csproj", "{5494451A-429C-47D6-885C-0C124BCD2CFF}"
EndProject
Global
	GlobalSection(SolutionConfigurationPlatforms) = preSolution
		Debug|Any CPU = Debug|Any CPU
		Release|Any CPU = Release|Any CPU
	EndGlobalSection
	GlobalSection(ProjectConfigurationPlatforms) = postSolution
		{5494451A-429C-47D6-885C-0C124BCD2CFF}.Debug|Any CPU.ActiveCfg = Debug|Any CPU
		{5494451A-429C-47D6-885C-0C124BCD2CFF}.Debug|Any CPU.Build.0 = Debug|Any CPU
		{5494451A-429C-47D6-885C-0C124BCD2CFF}.Release|Any CPU.ActiveCfg = Release|Any CPU
		{5494451A-429C-47D6-885C-0C124BCD2CFF}.Release|Any CPU.Build.0 = Release|Any CPU
	EndGlobalSection
	GlobalSection(SolutionProperties) = preSolution
		HideSolutionNode = FALSE
	EndGlobalSection
	GlobalSection(ExtensibilityGlobals) = postSolution
		SolutionGuid = {ED95FC1A-FC1B-4D31-BE75-ED5CDF6D72E4}
	EndGlobalSection
EndGlobal
