
Microsoft Visual Studio Solution File, Format Version 12.00
# Visual Studio Version 17
VisualStudioVersion = 17.12.35527.113 d17.12
MinimumVisualStudioVersion = 10.0.40219.1
Project("{2150E333-8FDC-42A3-9474-1A3956D46DE8}") = "Api", "Api", "{E67C4C00-0D08-4B15-8362-BD0FF29E54B1}"
EndProject
Project("{FAE04EC0-301F-11D3-BF4B-00C04F79EFBC}") = "CleanArchitecture.Api", "CleanArchitecture.Api\CleanArchitecture.Api.csproj", "{36411686-9573-4CE6-B915-9C6452E35900}"
EndProject
Project("{2150E333-8FDC-42A3-9474-1A3956D46DE8}") = "Core", "Core", "{7BD6418D-2C48-4495-80F2-EC588C295906}"
EndProject
Project("{FAE04EC0-301F-11D3-BF4B-00C04F79EFBC}") = "CleanArchitecture.Infrastructure", "CleanArchitecture.Infrastructure\CleanArchitecture.Infrastructure.csproj", "{A9181330-CAFA-4C88-96AF-CE4C0ADFDBF5}"
EndProject
Project("{2150E333-8FDC-42A3-9474-1A3956D46DE8}") = "Domain", "Domain", "{C5B3CE2B-1B47-4A94-B22D-B6D56062058A}"
EndProject
Project("{FAE04EC0-301F-11D3-BF4B-00C04F79EFBC}") = "CleanArchitecture.Domain", "CleanArchitecture.Domain\CleanArchitecture.Domain.csproj", "{7B80C450-A840-48BA-878C-01E6D390A94C}"
EndProject
Project("{FAE04EC0-301F-11D3-BF4B-00C04F79EFBC}") = "CleanArchitecture.BoundedContext", "CleanArchitecture.BoundedContext\CleanArchitecture.BoundedContext.csproj", "{D95982AD-8151-4E4C-A2C6-FDB1ED5BA486}"
EndProject
Project("{FAE04EC0-301F-11D3-BF4B-00C04F79EFBC}") = "CleanArchitecture.UnitOfWork", "CleanArchitecture.UnitOfWork\CleanArchitecture.UnitOfWork.csproj", "{36D4EE6B-86F6-41D0-8A2C-F9521D691281}"
EndProject
Project("{2150E333-8FDC-42A3-9474-1A3956D46DE8}") = "Models", "Models", "{819C03DD-A099-4603-984C-689B432DA9DF}"
EndProject
Project("{FAE04EC0-301F-11D3-BF4B-00C04F79EFBC}") = "CleanArchitecture.Models", "CleanArchitecture.Models\CleanArchitecture.Models.csproj", "{C1809181-7F4E-40B3-A4C9-697E13FA9747}"
EndProject
Global
	GlobalSection(SolutionConfigurationPlatforms) = preSolution
		Debug|Any CPU = Debug|Any CPU
		Release|Any CPU = Release|Any CPU
	EndGlobalSection
	GlobalSection(ProjectConfigurationPlatforms) = postSolution
		{36411686-9573-4CE6-B915-9C6452E35900}.Debug|Any CPU.ActiveCfg = Debug|Any CPU
		{36411686-9573-4CE6-B915-9C6452E35900}.Debug|Any CPU.Build.0 = Debug|Any CPU
		{36411686-9573-4CE6-B915-9C6452E35900}.Release|Any CPU.ActiveCfg = Release|Any CPU
		{36411686-9573-4CE6-B915-9C6452E35900}.Release|Any CPU.Build.0 = Release|Any CPU
		{A9181330-CAFA-4C88-96AF-CE4C0ADFDBF5}.Debug|Any CPU.ActiveCfg = Debug|Any CPU
		{A9181330-CAFA-4C88-96AF-CE4C0ADFDBF5}.Debug|Any CPU.Build.0 = Debug|Any CPU
		{A9181330-CAFA-4C88-96AF-CE4C0ADFDBF5}.Release|Any CPU.ActiveCfg = Release|Any CPU
		{A9181330-CAFA-4C88-96AF-CE4C0ADFDBF5}.Release|Any CPU.Build.0 = Release|Any CPU
		{7B80C450-A840-48BA-878C-01E6D390A94C}.Debug|Any CPU.ActiveCfg = Debug|Any CPU
		{7B80C450-A840-48BA-878C-01E6D390A94C}.Debug|Any CPU.Build.0 = Debug|Any CPU
		{7B80C450-A840-48BA-878C-01E6D390A94C}.Release|Any CPU.ActiveCfg = Release|Any CPU
		{7B80C450-A840-48BA-878C-01E6D390A94C}.Release|Any CPU.Build.0 = Release|Any CPU
		{D95982AD-8151-4E4C-A2C6-FDB1ED5BA486}.Debug|Any CPU.ActiveCfg = Debug|Any CPU
		{D95982AD-8151-4E4C-A2C6-FDB1ED5BA486}.Debug|Any CPU.Build.0 = Debug|Any CPU
		{D95982AD-8151-4E4C-A2C6-FDB1ED5BA486}.Release|Any CPU.ActiveCfg = Release|Any CPU
		{D95982AD-8151-4E4C-A2C6-FDB1ED5BA486}.Release|Any CPU.Build.0 = Release|Any CPU
		{36D4EE6B-86F6-41D0-8A2C-F9521D691281}.Debug|Any CPU.ActiveCfg = Debug|Any CPU
		{36D4EE6B-86F6-41D0-8A2C-F9521D691281}.Debug|Any CPU.Build.0 = Debug|Any CPU
		{36D4EE6B-86F6-41D0-8A2C-F9521D691281}.Release|Any CPU.ActiveCfg = Release|Any CPU
		{36D4EE6B-86F6-41D0-8A2C-F9521D691281}.Release|Any CPU.Build.0 = Release|Any CPU
		{C1809181-7F4E-40B3-A4C9-697E13FA9747}.Debug|Any CPU.ActiveCfg = Debug|Any CPU
		{C1809181-7F4E-40B3-A4C9-697E13FA9747}.Debug|Any CPU.Build.0 = Debug|Any CPU
		{C1809181-7F4E-40B3-A4C9-697E13FA9747}.Release|Any CPU.ActiveCfg = Release|Any CPU
		{C1809181-7F4E-40B3-A4C9-697E13FA9747}.Release|Any CPU.Build.0 = Release|Any CPU
	EndGlobalSection
	GlobalSection(SolutionProperties) = preSolution
		HideSolutionNode = FALSE
	EndGlobalSection
	GlobalSection(NestedProjects) = preSolution
		{36411686-9573-4CE6-B915-9C6452E35900} = {E67C4C00-0D08-4B15-8362-BD0FF29E54B1}
		{A9181330-CAFA-4C88-96AF-CE4C0ADFDBF5} = {7BD6418D-2C48-4495-80F2-EC588C295906}
		{7B80C450-A840-48BA-878C-01E6D390A94C} = {C5B3CE2B-1B47-4A94-B22D-B6D56062058A}
		{D95982AD-8151-4E4C-A2C6-FDB1ED5BA486} = {C5B3CE2B-1B47-4A94-B22D-B6D56062058A}
		{36D4EE6B-86F6-41D0-8A2C-F9521D691281} = {C5B3CE2B-1B47-4A94-B22D-B6D56062058A}
		{C1809181-7F4E-40B3-A4C9-697E13FA9747} = {819C03DD-A099-4603-984C-689B432DA9DF}
	EndGlobalSection
	GlobalSection(ExtensibilityGlobals) = postSolution
		SolutionGuid = {D9782B9C-AA13-45E6-81A9-BC0F3837CC13}
	EndGlobalSection
EndGlobal
