
Microsoft Visual Studio Solution File, Format Version 12.00
# Visual Studio Version 16
VisualStudioVersion = 16.0.29319.158
MinimumVisualStudioVersion = 10.0.40219.1
Project("{2150E333-8FDC-42A3-9474-1A3956D46DE8}") = "Api", "Api", "{DEFC7CC6-A1E7-4ED6-8108-72531F51DFD0}"
EndProject
Project("{9A19103F-16F7-4668-BE54-9A1E7A4F7556}") = "NewProjectSolution.Api", "NewProjectSolution.Api\NewProjectSolution.Api.csproj", "{DF9C52CA-B368-4164-8177-0BF0E0C7B3FE}"
EndProject
Project("{2150E333-8FDC-42A3-9474-1A3956D46DE8}") = "Core", "Core", "{61F121BF-E91A-4EC1-900D-AA2207CF23BD}"
EndProject
Project("{9A19103F-16F7-4668-BE54-9A1E7A4F7556}") = "NewProjectSolution.Infrastructure", "NewProjectSolution.Infrastructure\NewProjectSolution.Infrastructure.csproj", "{DDDBA13A-4D34-4AD1-8C4F-F2BCA87213BD}"
EndProject
Project("{2150E333-8FDC-42A3-9474-1A3956D46DE8}") = "Domain", "Domain", "{6BFEAE56-B15E-4C1B-A2CE-E4C36E4A4B69}"
EndProject
Project("{9A19103F-16F7-4668-BE54-9A1E7A4F7556}") = "NewProjectSolution.Domain", "NewProjectSolution.Domain\NewProjectSolution.Domain.csproj", "{8B83DB06-6039-4A1C-BEE0-24881B9C2517}"
EndProject
Project("{9A19103F-16F7-4668-BE54-9A1E7A4F7556}") = "NewProjectSolution.BoundedContext", "NewProjectSolution.BoundedContext\NewProjectSolution.BoundedContext.csproj", "{87420308-2ECA-492A-A26C-A0B2A8E20891}"
EndProject
Project("{9A19103F-16F7-4668-BE54-9A1E7A4F7556}") = "NewProjectSolution.UnitOfWork", "NewProjectSolution.UnitOfWork\NewProjectSolution.UnitOfWork.csproj", "{1BF86372-ED51-4EE1-A17D-A1D0655AAB34}"
EndProject
Project("{2150E333-8FDC-42A3-9474-1A3956D46DE8}") = "Models", "Models", "{5A111E42-0421-4079-96BF-50686837F816}"
EndProject
Project("{9A19103F-16F7-4668-BE54-9A1E7A4F7556}") = "NewProjectSolution.Models", "NewProjectSolution.Models\NewProjectSolution.Models.csproj", "{47DC63F9-E196-4A92-A192-C34267AA1F86}"
EndProject
Project("{2150E333-8FDC-42A3-9474-1A3956D46DE8}") = "Framework", "Framework", "{8ACBAC29-3A1C-4510-A389-8CB3FD5DD21F}"
EndProject
Project("{9A19103F-16F7-4668-BE54-9A1E7A4F7556}") = "RxWeb.Core", "..\Common\RxWeb.Core\RxWeb.Core.csproj", "{1EE6EE89-49B2-407C-A4E2-B0A3CC8AB562}"
EndProject
Project("{9A19103F-16F7-4668-BE54-9A1E7A4F7556}") = "RxWeb.Core.Annotations", "..\Common\Rxweb.Core.Annotations\RxWeb.Core.Annotations.csproj", "{40BD03A1-CE77-4C47-BAB7-1676EED83272}"
EndProject
Project("{9A19103F-16F7-4668-BE54-9A1E7A4F7556}") = "RxWeb.Core.AspNetCore", "..\AspNetCore\RxWeb.Core.AspNetCore\RxWeb.Core.AspNetCore.csproj", "{61FF6366-F0AC-4D31-BBAB-812D3AA58B3D}"
EndProject
Project("{9A19103F-16F7-4668-BE54-9A1E7A4F7556}") = "RxWeb.Core.Cache", "..\Common\Rxweb.Core.Cache\RxWeb.Core.Cache.csproj", "{3A88DDF2-F294-48CC-95FC-5649362FFB02}"
EndProject
Project("{9A19103F-16F7-4668-BE54-9A1E7A4F7556}") = "RxWeb.Core.Data", "..\Common\RxWeb.Core.Repository\RxWeb.Core.Data.csproj", "{BF12ECC1-A78F-4EBB-A20A-DCF9B391CA78}"
EndProject
Project("{9A19103F-16F7-4668-BE54-9A1E7A4F7556}") = "RxWeb.Core.Sanitizers", "..\Common\Rxweb.Core.Sanitizers\RxWeb.Core.Sanitizers.csproj", "{7D5AC3CE-057D-4D60-85FF-C3CC1364F076}"
EndProject
Project("{9A19103F-16F7-4668-BE54-9A1E7A4F7556}") = "RxWeb.Core.Security", "..\Common\RxWeb.Core.Security\RxWeb.Core.Security.csproj", "{CEE1B754-5DE8-4E9A-A58D-0E7ACFC1FE30}"
EndProject
Project("{9A19103F-16F7-4668-BE54-9A1E7A4F7556}") = "RxWeb.Core.Common", "..\Common\RxWeb.Core.Common\RxWeb.Core.Common.csproj", "{DED497D1-D12A-4B6B-9E5E-02B46EA27CDB}"
EndProject
Project("{FAE04EC0-301F-11D3-BF4B-00C04F79EFBC}") = "RxWeb.Core.Localization", "..\Common\RxWeb.Core.Localization\RxWeb.Core.Localization.csproj", "{FB39CFFF-AB4C-490C-BD99-4DF12F5998FB}"
EndProject
Project("{FAE04EC0-301F-11D3-BF4B-00C04F79EFBC}") = "RxWeb.Core.Logging", "..\Common\RxWeb.Core.Logging\RxWeb.Core.Logging.csproj", "{E6FA1CF4-409F-4F56-8511-4F9356928B23}"
EndProject
Global
	GlobalSection(SolutionConfigurationPlatforms) = preSolution
		Debug|Any CPU = Debug|Any CPU
		Debug|x64 = Debug|x64
		Debug|x86 = Debug|x86
		Release|Any CPU = Release|Any CPU
		Release|x64 = Release|x64
		Release|x86 = Release|x86
	EndGlobalSection
	GlobalSection(ProjectConfigurationPlatforms) = postSolution
		{DF9C52CA-B368-4164-8177-0BF0E0C7B3FE}.Debug|Any CPU.ActiveCfg = Debug|Any CPU
		{DF9C52CA-B368-4164-8177-0BF0E0C7B3FE}.Debug|Any CPU.Build.0 = Debug|Any CPU
		{DF9C52CA-B368-4164-8177-0BF0E0C7B3FE}.Debug|x64.ActiveCfg = Debug|Any CPU
		{DF9C52CA-B368-4164-8177-0BF0E0C7B3FE}.Debug|x64.Build.0 = Debug|Any CPU
		{DF9C52CA-B368-4164-8177-0BF0E0C7B3FE}.Debug|x86.ActiveCfg = Debug|Any CPU
		{DF9C52CA-B368-4164-8177-0BF0E0C7B3FE}.Debug|x86.Build.0 = Debug|Any CPU
		{DF9C52CA-B368-4164-8177-0BF0E0C7B3FE}.Release|Any CPU.ActiveCfg = Release|Any CPU
		{DF9C52CA-B368-4164-8177-0BF0E0C7B3FE}.Release|Any CPU.Build.0 = Release|Any CPU
		{DF9C52CA-B368-4164-8177-0BF0E0C7B3FE}.Release|x64.ActiveCfg = Release|Any CPU
		{DF9C52CA-B368-4164-8177-0BF0E0C7B3FE}.Release|x64.Build.0 = Release|Any CPU
		{DF9C52CA-B368-4164-8177-0BF0E0C7B3FE}.Release|x86.ActiveCfg = Release|Any CPU
		{DF9C52CA-B368-4164-8177-0BF0E0C7B3FE}.Release|x86.Build.0 = Release|Any CPU
		{DDDBA13A-4D34-4AD1-8C4F-F2BCA87213BD}.Debug|Any CPU.ActiveCfg = Debug|Any CPU
		{DDDBA13A-4D34-4AD1-8C4F-F2BCA87213BD}.Debug|Any CPU.Build.0 = Debug|Any CPU
		{DDDBA13A-4D34-4AD1-8C4F-F2BCA87213BD}.Debug|x64.ActiveCfg = Debug|Any CPU
		{DDDBA13A-4D34-4AD1-8C4F-F2BCA87213BD}.Debug|x64.Build.0 = Debug|Any CPU
		{DDDBA13A-4D34-4AD1-8C4F-F2BCA87213BD}.Debug|x86.ActiveCfg = Debug|Any CPU
		{DDDBA13A-4D34-4AD1-8C4F-F2BCA87213BD}.Debug|x86.Build.0 = Debug|Any CPU
		{DDDBA13A-4D34-4AD1-8C4F-F2BCA87213BD}.Release|Any CPU.ActiveCfg = Release|Any CPU
		{DDDBA13A-4D34-4AD1-8C4F-F2BCA87213BD}.Release|Any CPU.Build.0 = Release|Any CPU
		{DDDBA13A-4D34-4AD1-8C4F-F2BCA87213BD}.Release|x64.ActiveCfg = Release|Any CPU
		{DDDBA13A-4D34-4AD1-8C4F-F2BCA87213BD}.Release|x64.Build.0 = Release|Any CPU
		{DDDBA13A-4D34-4AD1-8C4F-F2BCA87213BD}.Release|x86.ActiveCfg = Release|Any CPU
		{DDDBA13A-4D34-4AD1-8C4F-F2BCA87213BD}.Release|x86.Build.0 = Release|Any CPU
		{8B83DB06-6039-4A1C-BEE0-24881B9C2517}.Debug|Any CPU.ActiveCfg = Debug|Any CPU
		{8B83DB06-6039-4A1C-BEE0-24881B9C2517}.Debug|Any CPU.Build.0 = Debug|Any CPU
		{8B83DB06-6039-4A1C-BEE0-24881B9C2517}.Debug|x64.ActiveCfg = Debug|Any CPU
		{8B83DB06-6039-4A1C-BEE0-24881B9C2517}.Debug|x64.Build.0 = Debug|Any CPU
		{8B83DB06-6039-4A1C-BEE0-24881B9C2517}.Debug|x86.ActiveCfg = Debug|Any CPU
		{8B83DB06-6039-4A1C-BEE0-24881B9C2517}.Debug|x86.Build.0 = Debug|Any CPU
		{8B83DB06-6039-4A1C-BEE0-24881B9C2517}.Release|Any CPU.ActiveCfg = Release|Any CPU
		{8B83DB06-6039-4A1C-BEE0-24881B9C2517}.Release|Any CPU.Build.0 = Release|Any CPU
		{8B83DB06-6039-4A1C-BEE0-24881B9C2517}.Release|x64.ActiveCfg = Release|Any CPU
		{8B83DB06-6039-4A1C-BEE0-24881B9C2517}.Release|x64.Build.0 = Release|Any CPU
		{8B83DB06-6039-4A1C-BEE0-24881B9C2517}.Release|x86.ActiveCfg = Release|Any CPU
		{8B83DB06-6039-4A1C-BEE0-24881B9C2517}.Release|x86.Build.0 = Release|Any CPU
		{87420308-2ECA-492A-A26C-A0B2A8E20891}.Debug|Any CPU.ActiveCfg = Debug|Any CPU
		{87420308-2ECA-492A-A26C-A0B2A8E20891}.Debug|Any CPU.Build.0 = Debug|Any CPU
		{87420308-2ECA-492A-A26C-A0B2A8E20891}.Debug|x64.ActiveCfg = Debug|Any CPU
		{87420308-2ECA-492A-A26C-A0B2A8E20891}.Debug|x64.Build.0 = Debug|Any CPU
		{87420308-2ECA-492A-A26C-A0B2A8E20891}.Debug|x86.ActiveCfg = Debug|Any CPU
		{87420308-2ECA-492A-A26C-A0B2A8E20891}.Debug|x86.Build.0 = Debug|Any CPU
		{87420308-2ECA-492A-A26C-A0B2A8E20891}.Release|Any CPU.ActiveCfg = Release|Any CPU
		{87420308-2ECA-492A-A26C-A0B2A8E20891}.Release|Any CPU.Build.0 = Release|Any CPU
		{87420308-2ECA-492A-A26C-A0B2A8E20891}.Release|x64.ActiveCfg = Release|Any CPU
		{87420308-2ECA-492A-A26C-A0B2A8E20891}.Release|x64.Build.0 = Release|Any CPU
		{87420308-2ECA-492A-A26C-A0B2A8E20891}.Release|x86.ActiveCfg = Release|Any CPU
		{87420308-2ECA-492A-A26C-A0B2A8E20891}.Release|x86.Build.0 = Release|Any CPU
		{1BF86372-ED51-4EE1-A17D-A1D0655AAB34}.Debug|Any CPU.ActiveCfg = Debug|Any CPU
		{1BF86372-ED51-4EE1-A17D-A1D0655AAB34}.Debug|Any CPU.Build.0 = Debug|Any CPU
		{1BF86372-ED51-4EE1-A17D-A1D0655AAB34}.Debug|x64.ActiveCfg = Debug|Any CPU
		{1BF86372-ED51-4EE1-A17D-A1D0655AAB34}.Debug|x64.Build.0 = Debug|Any CPU
		{1BF86372-ED51-4EE1-A17D-A1D0655AAB34}.Debug|x86.ActiveCfg = Debug|Any CPU
		{1BF86372-ED51-4EE1-A17D-A1D0655AAB34}.Debug|x86.Build.0 = Debug|Any CPU
		{1BF86372-ED51-4EE1-A17D-A1D0655AAB34}.Release|Any CPU.ActiveCfg = Release|Any CPU
		{1BF86372-ED51-4EE1-A17D-A1D0655AAB34}.Release|Any CPU.Build.0 = Release|Any CPU
		{1BF86372-ED51-4EE1-A17D-A1D0655AAB34}.Release|x64.ActiveCfg = Release|Any CPU
		{1BF86372-ED51-4EE1-A17D-A1D0655AAB34}.Release|x64.Build.0 = Release|Any CPU
		{1BF86372-ED51-4EE1-A17D-A1D0655AAB34}.Release|x86.ActiveCfg = Release|Any CPU
		{1BF86372-ED51-4EE1-A17D-A1D0655AAB34}.Release|x86.Build.0 = Release|Any CPU
		{47DC63F9-E196-4A92-A192-C34267AA1F86}.Debug|Any CPU.ActiveCfg = Debug|Any CPU
		{47DC63F9-E196-4A92-A192-C34267AA1F86}.Debug|Any CPU.Build.0 = Debug|Any CPU
		{47DC63F9-E196-4A92-A192-C34267AA1F86}.Debug|x64.ActiveCfg = Debug|Any CPU
		{47DC63F9-E196-4A92-A192-C34267AA1F86}.Debug|x64.Build.0 = Debug|Any CPU
		{47DC63F9-E196-4A92-A192-C34267AA1F86}.Debug|x86.ActiveCfg = Debug|Any CPU
		{47DC63F9-E196-4A92-A192-C34267AA1F86}.Debug|x86.Build.0 = Debug|Any CPU
		{47DC63F9-E196-4A92-A192-C34267AA1F86}.Release|Any CPU.ActiveCfg = Release|Any CPU
		{47DC63F9-E196-4A92-A192-C34267AA1F86}.Release|Any CPU.Build.0 = Release|Any CPU
		{47DC63F9-E196-4A92-A192-C34267AA1F86}.Release|x64.ActiveCfg = Release|Any CPU
		{47DC63F9-E196-4A92-A192-C34267AA1F86}.Release|x64.Build.0 = Release|Any CPU
		{47DC63F9-E196-4A92-A192-C34267AA1F86}.Release|x86.ActiveCfg = Release|Any CPU
		{47DC63F9-E196-4A92-A192-C34267AA1F86}.Release|x86.Build.0 = Release|Any CPU
		{1EE6EE89-49B2-407C-A4E2-B0A3CC8AB562}.Debug|Any CPU.ActiveCfg = Debug|Any CPU
		{1EE6EE89-49B2-407C-A4E2-B0A3CC8AB562}.Debug|Any CPU.Build.0 = Debug|Any CPU
		{1EE6EE89-49B2-407C-A4E2-B0A3CC8AB562}.Debug|x64.ActiveCfg = Debug|Any CPU
		{1EE6EE89-49B2-407C-A4E2-B0A3CC8AB562}.Debug|x64.Build.0 = Debug|Any CPU
		{1EE6EE89-49B2-407C-A4E2-B0A3CC8AB562}.Debug|x86.ActiveCfg = Debug|Any CPU
		{1EE6EE89-49B2-407C-A4E2-B0A3CC8AB562}.Debug|x86.Build.0 = Debug|Any CPU
		{1EE6EE89-49B2-407C-A4E2-B0A3CC8AB562}.Release|Any CPU.ActiveCfg = Release|Any CPU
		{1EE6EE89-49B2-407C-A4E2-B0A3CC8AB562}.Release|Any CPU.Build.0 = Release|Any CPU
		{1EE6EE89-49B2-407C-A4E2-B0A3CC8AB562}.Release|x64.ActiveCfg = Release|Any CPU
		{1EE6EE89-49B2-407C-A4E2-B0A3CC8AB562}.Release|x64.Build.0 = Release|Any CPU
		{1EE6EE89-49B2-407C-A4E2-B0A3CC8AB562}.Release|x86.ActiveCfg = Release|Any CPU
		{1EE6EE89-49B2-407C-A4E2-B0A3CC8AB562}.Release|x86.Build.0 = Release|Any CPU
		{40BD03A1-CE77-4C47-BAB7-1676EED83272}.Debug|Any CPU.ActiveCfg = Debug|Any CPU
		{40BD03A1-CE77-4C47-BAB7-1676EED83272}.Debug|Any CPU.Build.0 = Debug|Any CPU
		{40BD03A1-CE77-4C47-BAB7-1676EED83272}.Debug|x64.ActiveCfg = Debug|Any CPU
		{40BD03A1-CE77-4C47-BAB7-1676EED83272}.Debug|x64.Build.0 = Debug|Any CPU
		{40BD03A1-CE77-4C47-BAB7-1676EED83272}.Debug|x86.ActiveCfg = Debug|Any CPU
		{40BD03A1-CE77-4C47-BAB7-1676EED83272}.Debug|x86.Build.0 = Debug|Any CPU
		{40BD03A1-CE77-4C47-BAB7-1676EED83272}.Release|Any CPU.ActiveCfg = Release|Any CPU
		{40BD03A1-CE77-4C47-BAB7-1676EED83272}.Release|Any CPU.Build.0 = Release|Any CPU
		{40BD03A1-CE77-4C47-BAB7-1676EED83272}.Release|x64.ActiveCfg = Release|Any CPU
		{40BD03A1-CE77-4C47-BAB7-1676EED83272}.Release|x64.Build.0 = Release|Any CPU
		{40BD03A1-CE77-4C47-BAB7-1676EED83272}.Release|x86.ActiveCfg = Release|Any CPU
		{40BD03A1-CE77-4C47-BAB7-1676EED83272}.Release|x86.Build.0 = Release|Any CPU
		{61FF6366-F0AC-4D31-BBAB-812D3AA58B3D}.Debug|Any CPU.ActiveCfg = Debug|Any CPU
		{61FF6366-F0AC-4D31-BBAB-812D3AA58B3D}.Debug|Any CPU.Build.0 = Debug|Any CPU
		{61FF6366-F0AC-4D31-BBAB-812D3AA58B3D}.Debug|x64.ActiveCfg = Debug|Any CPU
		{61FF6366-F0AC-4D31-BBAB-812D3AA58B3D}.Debug|x64.Build.0 = Debug|Any CPU
		{61FF6366-F0AC-4D31-BBAB-812D3AA58B3D}.Debug|x86.ActiveCfg = Debug|Any CPU
		{61FF6366-F0AC-4D31-BBAB-812D3AA58B3D}.Debug|x86.Build.0 = Debug|Any CPU
		{61FF6366-F0AC-4D31-BBAB-812D3AA58B3D}.Release|Any CPU.ActiveCfg = Release|Any CPU
		{61FF6366-F0AC-4D31-BBAB-812D3AA58B3D}.Release|Any CPU.Build.0 = Release|Any CPU
		{61FF6366-F0AC-4D31-BBAB-812D3AA58B3D}.Release|x64.ActiveCfg = Release|Any CPU
		{61FF6366-F0AC-4D31-BBAB-812D3AA58B3D}.Release|x64.Build.0 = Release|Any CPU
		{61FF6366-F0AC-4D31-BBAB-812D3AA58B3D}.Release|x86.ActiveCfg = Release|Any CPU
		{61FF6366-F0AC-4D31-BBAB-812D3AA58B3D}.Release|x86.Build.0 = Release|Any CPU
		{3A88DDF2-F294-48CC-95FC-5649362FFB02}.Debug|Any CPU.ActiveCfg = Debug|Any CPU
		{3A88DDF2-F294-48CC-95FC-5649362FFB02}.Debug|Any CPU.Build.0 = Debug|Any CPU
		{3A88DDF2-F294-48CC-95FC-5649362FFB02}.Debug|x64.ActiveCfg = Debug|Any CPU
		{3A88DDF2-F294-48CC-95FC-5649362FFB02}.Debug|x64.Build.0 = Debug|Any CPU
		{3A88DDF2-F294-48CC-95FC-5649362FFB02}.Debug|x86.ActiveCfg = Debug|Any CPU
		{3A88DDF2-F294-48CC-95FC-5649362FFB02}.Debug|x86.Build.0 = Debug|Any CPU
		{3A88DDF2-F294-48CC-95FC-5649362FFB02}.Release|Any CPU.ActiveCfg = Release|Any CPU
		{3A88DDF2-F294-48CC-95FC-5649362FFB02}.Release|Any CPU.Build.0 = Release|Any CPU
		{3A88DDF2-F294-48CC-95FC-5649362FFB02}.Release|x64.ActiveCfg = Release|Any CPU
		{3A88DDF2-F294-48CC-95FC-5649362FFB02}.Release|x64.Build.0 = Release|Any CPU
		{3A88DDF2-F294-48CC-95FC-5649362FFB02}.Release|x86.ActiveCfg = Release|Any CPU
		{3A88DDF2-F294-48CC-95FC-5649362FFB02}.Release|x86.Build.0 = Release|Any CPU
		{BF12ECC1-A78F-4EBB-A20A-DCF9B391CA78}.Debug|Any CPU.ActiveCfg = Debug|Any CPU
		{BF12ECC1-A78F-4EBB-A20A-DCF9B391CA78}.Debug|Any CPU.Build.0 = Debug|Any CPU
		{BF12ECC1-A78F-4EBB-A20A-DCF9B391CA78}.Debug|x64.ActiveCfg = Debug|Any CPU
		{BF12ECC1-A78F-4EBB-A20A-DCF9B391CA78}.Debug|x64.Build.0 = Debug|Any CPU
		{BF12ECC1-A78F-4EBB-A20A-DCF9B391CA78}.Debug|x86.ActiveCfg = Debug|Any CPU
		{BF12ECC1-A78F-4EBB-A20A-DCF9B391CA78}.Debug|x86.Build.0 = Debug|Any CPU
		{BF12ECC1-A78F-4EBB-A20A-DCF9B391CA78}.Release|Any CPU.ActiveCfg = Release|Any CPU
		{BF12ECC1-A78F-4EBB-A20A-DCF9B391CA78}.Release|Any CPU.Build.0 = Release|Any CPU
		{BF12ECC1-A78F-4EBB-A20A-DCF9B391CA78}.Release|x64.ActiveCfg = Release|Any CPU
		{BF12ECC1-A78F-4EBB-A20A-DCF9B391CA78}.Release|x64.Build.0 = Release|Any CPU
		{BF12ECC1-A78F-4EBB-A20A-DCF9B391CA78}.Release|x86.ActiveCfg = Release|Any CPU
		{BF12ECC1-A78F-4EBB-A20A-DCF9B391CA78}.Release|x86.Build.0 = Release|Any CPU
		{7D5AC3CE-057D-4D60-85FF-C3CC1364F076}.Debug|Any CPU.ActiveCfg = Debug|Any CPU
		{7D5AC3CE-057D-4D60-85FF-C3CC1364F076}.Debug|Any CPU.Build.0 = Debug|Any CPU
		{7D5AC3CE-057D-4D60-85FF-C3CC1364F076}.Debug|x64.ActiveCfg = Debug|Any CPU
		{7D5AC3CE-057D-4D60-85FF-C3CC1364F076}.Debug|x64.Build.0 = Debug|Any CPU
		{7D5AC3CE-057D-4D60-85FF-C3CC1364F076}.Debug|x86.ActiveCfg = Debug|Any CPU
		{7D5AC3CE-057D-4D60-85FF-C3CC1364F076}.Debug|x86.Build.0 = Debug|Any CPU
		{7D5AC3CE-057D-4D60-85FF-C3CC1364F076}.Release|Any CPU.ActiveCfg = Release|Any CPU
		{7D5AC3CE-057D-4D60-85FF-C3CC1364F076}.Release|Any CPU.Build.0 = Release|Any CPU
		{7D5AC3CE-057D-4D60-85FF-C3CC1364F076}.Release|x64.ActiveCfg = Release|Any CPU
		{7D5AC3CE-057D-4D60-85FF-C3CC1364F076}.Release|x64.Build.0 = Release|Any CPU
		{7D5AC3CE-057D-4D60-85FF-C3CC1364F076}.Release|x86.ActiveCfg = Release|Any CPU
		{7D5AC3CE-057D-4D60-85FF-C3CC1364F076}.Release|x86.Build.0 = Release|Any CPU
		{CEE1B754-5DE8-4E9A-A58D-0E7ACFC1FE30}.Debug|Any CPU.ActiveCfg = Debug|Any CPU
		{CEE1B754-5DE8-4E9A-A58D-0E7ACFC1FE30}.Debug|Any CPU.Build.0 = Debug|Any CPU
		{CEE1B754-5DE8-4E9A-A58D-0E7ACFC1FE30}.Debug|x64.ActiveCfg = Debug|Any CPU
		{CEE1B754-5DE8-4E9A-A58D-0E7ACFC1FE30}.Debug|x64.Build.0 = Debug|Any CPU
		{CEE1B754-5DE8-4E9A-A58D-0E7ACFC1FE30}.Debug|x86.ActiveCfg = Debug|Any CPU
		{CEE1B754-5DE8-4E9A-A58D-0E7ACFC1FE30}.Debug|x86.Build.0 = Debug|Any CPU
		{CEE1B754-5DE8-4E9A-A58D-0E7ACFC1FE30}.Release|Any CPU.ActiveCfg = Release|Any CPU
		{CEE1B754-5DE8-4E9A-A58D-0E7ACFC1FE30}.Release|Any CPU.Build.0 = Release|Any CPU
		{CEE1B754-5DE8-4E9A-A58D-0E7ACFC1FE30}.Release|x64.ActiveCfg = Release|Any CPU
		{CEE1B754-5DE8-4E9A-A58D-0E7ACFC1FE30}.Release|x64.Build.0 = Release|Any CPU
		{CEE1B754-5DE8-4E9A-A58D-0E7ACFC1FE30}.Release|x86.ActiveCfg = Release|Any CPU
		{CEE1B754-5DE8-4E9A-A58D-0E7ACFC1FE30}.Release|x86.Build.0 = Release|Any CPU
		{DED497D1-D12A-4B6B-9E5E-02B46EA27CDB}.Debug|Any CPU.ActiveCfg = Debug|Any CPU
		{DED497D1-D12A-4B6B-9E5E-02B46EA27CDB}.Debug|Any CPU.Build.0 = Debug|Any CPU
		{DED497D1-D12A-4B6B-9E5E-02B46EA27CDB}.Debug|x64.ActiveCfg = Debug|Any CPU
		{DED497D1-D12A-4B6B-9E5E-02B46EA27CDB}.Debug|x64.Build.0 = Debug|Any CPU
		{DED497D1-D12A-4B6B-9E5E-02B46EA27CDB}.Debug|x86.ActiveCfg = Debug|Any CPU
		{DED497D1-D12A-4B6B-9E5E-02B46EA27CDB}.Debug|x86.Build.0 = Debug|Any CPU
		{DED497D1-D12A-4B6B-9E5E-02B46EA27CDB}.Release|Any CPU.ActiveCfg = Release|Any CPU
		{DED497D1-D12A-4B6B-9E5E-02B46EA27CDB}.Release|Any CPU.Build.0 = Release|Any CPU
		{DED497D1-D12A-4B6B-9E5E-02B46EA27CDB}.Release|x64.ActiveCfg = Release|Any CPU
		{DED497D1-D12A-4B6B-9E5E-02B46EA27CDB}.Release|x64.Build.0 = Release|Any CPU
		{DED497D1-D12A-4B6B-9E5E-02B46EA27CDB}.Release|x86.ActiveCfg = Release|Any CPU
		{DED497D1-D12A-4B6B-9E5E-02B46EA27CDB}.Release|x86.Build.0 = Release|Any CPU
		{FB39CFFF-AB4C-490C-BD99-4DF12F5998FB}.Debug|Any CPU.ActiveCfg = Debug|Any CPU
		{FB39CFFF-AB4C-490C-BD99-4DF12F5998FB}.Debug|Any CPU.Build.0 = Debug|Any CPU
		{FB39CFFF-AB4C-490C-BD99-4DF12F5998FB}.Debug|x64.ActiveCfg = Debug|Any CPU
		{FB39CFFF-AB4C-490C-BD99-4DF12F5998FB}.Debug|x64.Build.0 = Debug|Any CPU
		{FB39CFFF-AB4C-490C-BD99-4DF12F5998FB}.Debug|x86.ActiveCfg = Debug|Any CPU
		{FB39CFFF-AB4C-490C-BD99-4DF12F5998FB}.Debug|x86.Build.0 = Debug|Any CPU
		{FB39CFFF-AB4C-490C-BD99-4DF12F5998FB}.Release|Any CPU.ActiveCfg = Release|Any CPU
		{FB39CFFF-AB4C-490C-BD99-4DF12F5998FB}.Release|Any CPU.Build.0 = Release|Any CPU
		{FB39CFFF-AB4C-490C-BD99-4DF12F5998FB}.Release|x64.ActiveCfg = Release|Any CPU
		{FB39CFFF-AB4C-490C-BD99-4DF12F5998FB}.Release|x64.Build.0 = Release|Any CPU
		{FB39CFFF-AB4C-490C-BD99-4DF12F5998FB}.Release|x86.ActiveCfg = Release|Any CPU
		{FB39CFFF-AB4C-490C-BD99-4DF12F5998FB}.Release|x86.Build.0 = Release|Any CPU
		{E6FA1CF4-409F-4F56-8511-4F9356928B23}.Debug|Any CPU.ActiveCfg = Debug|Any CPU
		{E6FA1CF4-409F-4F56-8511-4F9356928B23}.Debug|Any CPU.Build.0 = Debug|Any CPU
		{E6FA1CF4-409F-4F56-8511-4F9356928B23}.Debug|x64.ActiveCfg = Debug|Any CPU
		{E6FA1CF4-409F-4F56-8511-4F9356928B23}.Debug|x64.Build.0 = Debug|Any CPU
		{E6FA1CF4-409F-4F56-8511-4F9356928B23}.Debug|x86.ActiveCfg = Debug|Any CPU
		{E6FA1CF4-409F-4F56-8511-4F9356928B23}.Debug|x86.Build.0 = Debug|Any CPU
		{E6FA1CF4-409F-4F56-8511-4F9356928B23}.Release|Any CPU.ActiveCfg = Release|Any CPU
		{E6FA1CF4-409F-4F56-8511-4F9356928B23}.Release|Any CPU.Build.0 = Release|Any CPU
		{E6FA1CF4-409F-4F56-8511-4F9356928B23}.Release|x64.ActiveCfg = Release|Any CPU
		{E6FA1CF4-409F-4F56-8511-4F9356928B23}.Release|x64.Build.0 = Release|Any CPU
		{E6FA1CF4-409F-4F56-8511-4F9356928B23}.Release|x86.ActiveCfg = Release|Any CPU
		{E6FA1CF4-409F-4F56-8511-4F9356928B23}.Release|x86.Build.0 = Release|Any CPU
	EndGlobalSection
	GlobalSection(SolutionProperties) = preSolution
		HideSolutionNode = FALSE
	EndGlobalSection
	GlobalSection(NestedProjects) = preSolution
		{DF9C52CA-B368-4164-8177-0BF0E0C7B3FE} = {DEFC7CC6-A1E7-4ED6-8108-72531F51DFD0}
		{DDDBA13A-4D34-4AD1-8C4F-F2BCA87213BD} = {61F121BF-E91A-4EC1-900D-AA2207CF23BD}
		{8B83DB06-6039-4A1C-BEE0-24881B9C2517} = {6BFEAE56-B15E-4C1B-A2CE-E4C36E4A4B69}
		{87420308-2ECA-492A-A26C-A0B2A8E20891} = {6BFEAE56-B15E-4C1B-A2CE-E4C36E4A4B69}
		{1BF86372-ED51-4EE1-A17D-A1D0655AAB34} = {6BFEAE56-B15E-4C1B-A2CE-E4C36E4A4B69}
		{47DC63F9-E196-4A92-A192-C34267AA1F86} = {5A111E42-0421-4079-96BF-50686837F816}
		{1EE6EE89-49B2-407C-A4E2-B0A3CC8AB562} = {8ACBAC29-3A1C-4510-A389-8CB3FD5DD21F}
		{40BD03A1-CE77-4C47-BAB7-1676EED83272} = {8ACBAC29-3A1C-4510-A389-8CB3FD5DD21F}
		{61FF6366-F0AC-4D31-BBAB-812D3AA58B3D} = {8ACBAC29-3A1C-4510-A389-8CB3FD5DD21F}
		{3A88DDF2-F294-48CC-95FC-5649362FFB02} = {8ACBAC29-3A1C-4510-A389-8CB3FD5DD21F}
		{BF12ECC1-A78F-4EBB-A20A-DCF9B391CA78} = {8ACBAC29-3A1C-4510-A389-8CB3FD5DD21F}
		{7D5AC3CE-057D-4D60-85FF-C3CC1364F076} = {8ACBAC29-3A1C-4510-A389-8CB3FD5DD21F}
		{CEE1B754-5DE8-4E9A-A58D-0E7ACFC1FE30} = {8ACBAC29-3A1C-4510-A389-8CB3FD5DD21F}
		{DED497D1-D12A-4B6B-9E5E-02B46EA27CDB} = {8ACBAC29-3A1C-4510-A389-8CB3FD5DD21F}
		{FB39CFFF-AB4C-490C-BD99-4DF12F5998FB} = {8ACBAC29-3A1C-4510-A389-8CB3FD5DD21F}
		{E6FA1CF4-409F-4F56-8511-4F9356928B23} = {8ACBAC29-3A1C-4510-A389-8CB3FD5DD21F}
	EndGlobalSection
	GlobalSection(ExtensibilityGlobals) = postSolution
		SolutionGuid = {E495AF76-870F-498F-AD39-9D74C43D725D}
	EndGlobalSection
EndGlobal
