
Microsoft Visual Studio Solution File, Format Version 12.00
# Visual Studio Version 16
VisualStudioVersion = 16.0.29319.158
MinimumVisualStudioVersion = 10.0.40219.1
Project("{FAE04EC0-301F-11D3-BF4B-00C04F79EFBC}") = "AspNetCoreVsix", "AspNetCoreVsix.csproj", "{4BF2D805-67FE-4242-B6D1-560484097A5C}"
EndProject
Global
	GlobalSection(SolutionConfigurationPlatforms) = preSolution
		Debug|Any CPU = Debug|Any CPU
		Release|Any CPU = Release|Any CPU
	EndGlobalSection
	GlobalSection(ProjectConfigurationPlatforms) = postSolution
		{4BF2D805-67FE-4242-B6D1-560484097A5C}.Debug|Any CPU.ActiveCfg = Debug|Any CPU
		{4BF2D805-67FE-4242-B6D1-560484097A5C}.Debug|Any CPU.Build.0 = Debug|Any CPU
		{4BF2D805-67FE-4242-B6D1-560484097A5C}.Release|Any CPU.ActiveCfg = Release|Any CPU
		{4BF2D805-67FE-4242-B6D1-560484097A5C}.Release|Any CPU.Build.0 = Release|Any CPU
	EndGlobalSection
	GlobalSection(SolutionProperties) = preSolution
		HideSolutionNode = FALSE
	EndGlobalSection
	GlobalSection(ExtensibilityGlobals) = postSolution
		SolutionGuid = {CE23D9C7-7C67-4E4F-AEBE-F4E0121E978D}
	EndGlobalSection
EndGlobal
